
Microsoft Visual Studio Solution File, Format Version 12.00
# Visual Studio 15
VisualStudioVersion = 15.0.28307.1209
MinimumVisualStudioVersion = 10.0.40219.1
Project("{FAE04EC0-301F-11D3-BF4B-00C04F79EFBC}") = "BDApps_XIRPL1_14", "BDApps_XIRPL1_14\BDApps_XIRPL1_14.csproj", "{DEDC70A3-0885-4D6C-8E5E-C4163E60228C}"
EndProject
Global
	GlobalSection(SolutionConfigurationPlatforms) = preSolution
		Debug|Any CPU = Debug|Any CPU
		Release|Any CPU = Release|Any CPU
	EndGlobalSection
	GlobalSection(ProjectConfigurationPlatforms) = postSolution
		{DEDC70A3-0885-4D6C-8E5E-C4163E60228C}.Debug|Any CPU.ActiveCfg = Debug|Any CPU
		{DEDC70A3-0885-4D6C-8E5E-C4163E60228C}.Debug|Any CPU.Build.0 = Debug|Any CPU
		{DEDC70A3-0885-4D6C-8E5E-C4163E60228C}.Release|Any CPU.ActiveCfg = Release|Any CPU
		{DEDC70A3-0885-4D6C-8E5E-C4163E60228C}.Release|Any CPU.Build.0 = Release|Any CPU
	EndGlobalSection
	GlobalSection(SolutionProperties) = preSolution
		HideSolutionNode = FALSE
	EndGlobalSection
	GlobalSection(ExtensibilityGlobals) = postSolution
		SolutionGuid = {73FA9D26-8FF6-4E94-828C-7688E2DF2E36}
	EndGlobalSection
EndGlobal
